
Microsoft Visual Studio Solution File, Format Version 12.00
# Visual Studio Version 17
VisualStudioVersion = 17.2.32616.157
MinimumVisualStudioVersion = 10.0.40219.1
Project("{FAE04EC0-301F-11D3-BF4B-00C04F79EFBC}") = "DigitalBankProject", "DigitalBankProject\DigitalBankProject.csproj", "{A86F6797-AD90-4C6E-B6B5-03B96C5BEB58}"
EndProject
Project("{FAE04EC0-301F-11D3-BF4B-00C04F79EFBC}") = "Domain", "Domain\Domain.csproj", "{DDA9C47A-1243-44EA-BEF6-765785D96265}"
EndProject
Project("{FAE04EC0-301F-11D3-BF4B-00C04F79EFBC}") = "Infrastructure", "Infrastructure\Infrastructure.csproj", "{091BF0CF-E72D-4BBF-B93A-8266694D5EF7}"
EndProject
Project("{FAE04EC0-301F-11D3-BF4B-00C04F79EFBC}") = "Shared", "Shared\Shared.csproj", "{02505A7C-9EBA-4BA6-89ED-CB0139BAAA9A}"
EndProject
Project("{FAE04EC0-301F-11D3-BF4B-00C04F79EFBC}") = "Services", "Services\Services.csproj", "{CACE4294-41DC-48E3-88BA-F178638AE6ED}"
EndProject
Project("{2150E333-8FDC-42A3-9474-1A3956D46DE8}") = "Tests", "Tests", "{8FA144C3-0B20-4FBB-BF0C-74ED755493F3}"
EndProject
Project("{FAE04EC0-301F-11D3-BF4B-00C04F79EFBC}") = "DigitalBankTests", "DigitalBankTests\DigitalBankTests.csproj", "{F3B1D0EC-1692-4037-BD22-C55D33F74E74}"
EndProject
Project("{FAE04EC0-301F-11D3-BF4B-00C04F79EFBC}") = "IoC", "IoC\IoC.csproj", "{CB97FA9B-715E-4E94-AA7D-B173984A950A}"
EndProject
Global
	GlobalSection(SolutionConfigurationPlatforms) = preSolution
		Debug|Any CPU = Debug|Any CPU
		Release|Any CPU = Release|Any CPU
	EndGlobalSection
	GlobalSection(ProjectConfigurationPlatforms) = postSolution
		{A86F6797-AD90-4C6E-B6B5-03B96C5BEB58}.Debug|Any CPU.ActiveCfg = Debug|Any CPU
		{A86F6797-AD90-4C6E-B6B5-03B96C5BEB58}.Debug|Any CPU.Build.0 = Debug|Any CPU
		{A86F6797-AD90-4C6E-B6B5-03B96C5BEB58}.Release|Any CPU.ActiveCfg = Release|Any CPU
		{A86F6797-AD90-4C6E-B6B5-03B96C5BEB58}.Release|Any CPU.Build.0 = Release|Any CPU
		{DDA9C47A-1243-44EA-BEF6-765785D96265}.Debug|Any CPU.ActiveCfg = Debug|Any CPU
		{DDA9C47A-1243-44EA-BEF6-765785D96265}.Debug|Any CPU.Build.0 = Debug|Any CPU
		{DDA9C47A-1243-44EA-BEF6-765785D96265}.Release|Any CPU.ActiveCfg = Release|Any CPU
		{DDA9C47A-1243-44EA-BEF6-765785D96265}.Release|Any CPU.Build.0 = Release|Any CPU
		{091BF0CF-E72D-4BBF-B93A-8266694D5EF7}.Debug|Any CPU.ActiveCfg = Debug|Any CPU
		{091BF0CF-E72D-4BBF-B93A-8266694D5EF7}.Debug|Any CPU.Build.0 = Debug|Any CPU
		{091BF0CF-E72D-4BBF-B93A-8266694D5EF7}.Release|Any CPU.ActiveCfg = Release|Any CPU
		{091BF0CF-E72D-4BBF-B93A-8266694D5EF7}.Release|Any CPU.Build.0 = Release|Any CPU
		{02505A7C-9EBA-4BA6-89ED-CB0139BAAA9A}.Debug|Any CPU.ActiveCfg = Debug|Any CPU
		{02505A7C-9EBA-4BA6-89ED-CB0139BAAA9A}.Debug|Any CPU.Build.0 = Debug|Any CPU
		{02505A7C-9EBA-4BA6-89ED-CB0139BAAA9A}.Release|Any CPU.ActiveCfg = Release|Any CPU
		{02505A7C-9EBA-4BA6-89ED-CB0139BAAA9A}.Release|Any CPU.Build.0 = Release|Any CPU
		{CACE4294-41DC-48E3-88BA-F178638AE6ED}.Debug|Any CPU.ActiveCfg = Debug|Any CPU
		{CACE4294-41DC-48E3-88BA-F178638AE6ED}.Debug|Any CPU.Build.0 = Debug|Any CPU
		{CACE4294-41DC-48E3-88BA-F178638AE6ED}.Release|Any CPU.ActiveCfg = Release|Any CPU
		{CACE4294-41DC-48E3-88BA-F178638AE6ED}.Release|Any CPU.Build.0 = Release|Any CPU
		{F3B1D0EC-1692-4037-BD22-C55D33F74E74}.Debug|Any CPU.ActiveCfg = Debug|Any CPU
		{F3B1D0EC-1692-4037-BD22-C55D33F74E74}.Debug|Any CPU.Build.0 = Debug|Any CPU
		{F3B1D0EC-1692-4037-BD22-C55D33F74E74}.Release|Any CPU.ActiveCfg = Release|Any CPU
		{F3B1D0EC-1692-4037-BD22-C55D33F74E74}.Release|Any CPU.Build.0 = Release|Any CPU
		{CB97FA9B-715E-4E94-AA7D-B173984A950A}.Debug|Any CPU.ActiveCfg = Debug|Any CPU
		{CB97FA9B-715E-4E94-AA7D-B173984A950A}.Debug|Any CPU.Build.0 = Debug|Any CPU
		{CB97FA9B-715E-4E94-AA7D-B173984A950A}.Release|Any CPU.ActiveCfg = Release|Any CPU
		{CB97FA9B-715E-4E94-AA7D-B173984A950A}.Release|Any CPU.Build.0 = Release|Any CPU
	EndGlobalSection
	GlobalSection(SolutionProperties) = preSolution
		HideSolutionNode = FALSE
	EndGlobalSection
	GlobalSection(NestedProjects) = preSolution
		{F3B1D0EC-1692-4037-BD22-C55D33F74E74} = {8FA144C3-0B20-4FBB-BF0C-74ED755493F3}
	EndGlobalSection
	GlobalSection(ExtensibilityGlobals) = postSolution
		SolutionGuid = {547356AC-30C9-4746-88B4-8C6AD72C3A8F}
	EndGlobalSection
EndGlobal
